[[package]]
name = "numexpr"
version = "2.8.1"
description = "Fast numerical expression evaluator for NumPy"
category = "main"
optional = false
python-versions = "*"

[package.dependencies]
numpy = ">=1.13.3"
packaging = "*"

[[package]]
name = "numpy"
version = "1.22.2"
description = "NumPy is the fundamental package for array computing with Python."
category = "main"
optional = false
python-versions = ">=3.8"

[[package]]
name = "packaging"
version = "21.3"
description = "Core utilities for Python packages"
category = "main"
optional = false
python-versions = ">=3.6"

[package.dependencies]
pyparsing = ">=2.0.2,<3.0.5 || >3.0.5"

[[package]]
name = "pyparsing"
version = "3.0.7"
description = "Python parsing module"
category = "main"
optional = false
python-versions = ">=3.6"

[package.extras]
diagrams = ["jinja2", "railroad-diagrams"]

[[package]]
name = "pysqlite3"
version = "0.4.6"
description = "DB-API 2.0 interface for Sqlite 3.x"
category = "main"
optional = false
python-versions = "*"

[[package]]
name = "tables"
version = "3.7.0"
description = "Hierarchical datasets for Python"
category = "main"
optional = false
python-versions = ">=3.6"

[package.dependencies]
numexpr = ">=2.6.2"
numpy = ">=1.19.0"
packaging = "*"

[package.extras]
doc = ["sphinx (>=1.1)", "sphinx-rtd-theme", "numpydoc", "ipython"]

[metadata]
lock-version = "1.1"
python-versions = ">=3.8,<3.11"
content-hash = "50ce4cc769ed2a07f92983026419bf63dc3c1d547d2603d372825843c7fc874b"

[metadata.files]
numexpr = [
    {file = "numexpr-2.8.1-cp310-cp310-macosx_10_9_x86_64.whl", hash = "sha256:d148e99483e15de22d0acd5100136d39a336e91c8f8d37bf2e84e9f0ab4c0610"},
    {file = "numexpr-2.8.1-cp310-cp310-manylinux_2_17_x86_64.manylinux2014_x86_64.whl", hash = "sha256:ebf31aeed426840aefe1e94c89bb0b7530a72be36444ed4c73e4411865b79be5"},
    {file = "numexpr-2.8.1-cp310-cp310-musllinux_1_1_x86_64.whl", hash = "sha256:3bab5add6628fa8bb66fba7b1f0eed5d8d0ce05fdd2dcc326dde8a297a961c46"},
    {file = "numexpr-2.8.1-cp310-cp310-win32.whl", hash = "sha256:79ec94295aa57f5a9d212116bb7359744cd2f9e05d477df0dee383b7f44b9588"},
    {file = "numexpr-2.8.1-cp310-cp310-win_amd64.whl", hash = "sha256:cfd89f63028f8df3c9b11bf2c98085184f967a09f543a77c3335f4a0ec54f124"},
    {file = "numexpr-2.8.1-cp36-cp36m-macosx_10_9_x86_64.whl", hash = "sha256:517f299c4bc8491b5117aa276e8f3cf7ee2e89223922e92e2ea78a32985d5087"},
    {file = "numexpr-2.8.1-cp36-cp36m-manylinux_2_17_x86_64.manylinux2014_x86_64.whl", hash = "sha256:a9f046cb5752f08a9291dc1fd37a9cfd15770262188bb984e4418490fef9c9ec"},
    {file = "numexpr-2.8.1-cp36-cp36m-musllinux_1_1_x86_64.whl", hash = "sha256:6bce8a183afe157c25385d27be314be22f06ba644c89b611d20e2570a06bd5dd"},
    {file = "numexpr-2.8.1-cp36-cp36m-win32.whl", hash = "sha256:1639561d056d2d790a56ddab7e7df40b6181ad50338b50fba94aa42874a00958"},
    {file = "numexpr-2.8.1-cp36-cp36m-win_amd64.whl", hash = "sha256:a97a087a5f5e56cd81c69215918fdaca60eb478a099daa757455e4ff887f7600"},
    {file = "numexpr-2.8.1-cp37-cp37m-macosx_10_9_x86_64.whl", hash = "sha256:bd402e43b8baf6436b7c2c14541f69eb4f97f023469585a7ad258c49622ff619"},
    {file = "numexpr-2.8.1-cp37-cp37m-manylinux_2_17_x86_64.manylinux2014_x86_64.whl", hash = "sha256:48258db3ba89ad028744e07b09dde963f82da7f081849d3a003bb0b96b112d4f"},
    {file = "numexpr-2.8.1-cp37-cp37m-musllinux_1_1_x86_64.whl", hash = "sha256:4eb79d9026f013cf8d16de8be74911c74c0c09362627bf4b39e2b7f1f3188c28"},
    {file = "numexpr-2.8.1-cp37-cp37m-win32.whl", hash = "sha256:fd6905bc80a11908e363c9821cbf8aeeca4dca5b6a2eea90a97b055bc73443e6"},
    {file = "numexpr-2.8.1-cp37-cp37m-win_amd64.whl", hash = "sha256:da180aaec7f6c387540b251f6ec2b8d280220c0e45731778853c8b0d86c4ae22"},
    {file = "numexpr-2.8.1-cp38-cp38-macosx_10_9_x86_64.whl", hash = "sha256:b57d3ab7054409d9b4d2148241ae70d738c0b0daeb1a0efd5ea89b9279752e22"},
    {file = "numexpr-2.8.1-cp38-cp38-manylinux_2_17_x86_64.manylinux2014_x86_64.whl", hash = "sha256:d7b64b125161e722c9dc8a27df282e755bd9a5adf826b2e3e1f038e3dfdc3307"},
    {file = "numexpr-2.8.1-cp38-cp38-musllinux_1_1_x86_64.whl", hash = "sha256:a591f99ecbb413749725e8da4e52e663f0939dd5fbf1ae5a7c6c50ba734f57de"},
    {file = "numexpr-2.8.1-cp38-cp38-win32.whl", hash = "sha256:80db25e2934fd1a1b787440d5fa7946adb79a1289d7dc64e2c8bcd6ceae660ad"},
    {file = "numexpr-2.8.1-cp38-cp38-win_amd64.whl", hash = "sha256:d2b4b6379763ec5d794d4aaa1834ae00f1bba82a36d0b99c6e2d559302a21e85"},
    {file = "numexpr-2.8.1-cp39-cp39-macosx_10_9_x86_64.whl", hash = "sha256:ab6b2cb64bc9391f77f08203fda5af3647ed2abcefb928cc6282727854f97735"},
    {file = "numexpr-2.8.1-cp39-cp39-manylinux_2_17_x86_64.manylinux2014_x86_64.whl", hash = "sha256:2247d92da60b85de619e797e59a80e9c7302fba82dcd0525de8f7dd729a0d60f"},
    {file = "numexpr-2.8.1-cp39-cp39-musllinux_1_1_x86_64.whl", hash = "sha256:5d0c98c4d8bcc25962e5859176e5728f69209cffb9b7f64bf6d1c801fe350946"},
    {file = "numexpr-2.8.1-cp39-cp39-win32.whl", hash = "sha256:24fb5b2c17273a76e7de9cea7817c54262198657998a093fceb4030f273524c7"},
    {file = "numexpr-2.8.1-cp39-cp39-win_amd64.whl", hash = "sha256:920c6a3088790573765e103e20592864977aa4b4d1b819c298fa9d88771cde1b"},
    {file = "numexpr-2.8.1.tar.gz", hash = "sha256:cd779aa44dd986c4ef10163519239602b027be06a527946656207acf1f58113b"},
]
numpy = [
    {file = "numpy-1.22.2-cp310-cp310-macosx_10_14_x86_64.whl", hash = "sha256:515a8b6edbb904594685da6e176ac9fbea8f73a5ebae947281de6613e27f1956"},
    {file = "numpy-1.22.2-cp310-cp310-macosx_11_0_arm64.whl", hash = "sha256:76a4f9bce0278becc2da7da3b8ef854bed41a991f4226911a24a9711baad672c"},
    {file = "numpy-1.22.2-cp310-cp310-manylinux_2_17_aarch64.manylinux2014_aarch64.whl", hash = "sha256:168259b1b184aa83a514f307352c25c56af111c269ffc109d9704e81f72e764b"},
    {file = "numpy-1.22.2-cp310-cp310-manylinux_2_17_x86_64.manylinux2014_x86_64.whl", hash = "sha256:3556c5550de40027d3121ebbb170f61bbe19eb639c7ad0c7b482cd9b560cd23b"},
    {file = "numpy-1.22.2-cp310-cp310-win_amd64.whl", hash = "sha256:aafa46b5a39a27aca566198d3312fb3bde95ce9677085efd02c86f7ef6be4ec7"},
    {file = "numpy-1.22.2-cp38-cp38-macosx_10_14_x86_64.whl", hash = "sha256:55535c7c2f61e2b2fc817c5cbe1af7cb907c7f011e46ae0a52caa4be1f19afe2"},
    {file = "numpy-1.22.2-cp38-cp38-macosx_11_0_arm64.whl", hash = "sha256:60cb8e5933193a3cc2912ee29ca331e9c15b2da034f76159b7abc520b3d1233a"},
    {file = "numpy-1.22.2-cp38-cp38-manylinux_2_17_aarch64.manylinux2014_aarch64.whl", hash = "sha256:0b536b6840e84c1c6a410f3a5aa727821e6108f3454d81a5cd5900999ef04f89"},
    {file = "numpy-1.22.2-cp38-cp38-manylinux_2_17_x86_64.manylinux2014_x86_64.whl", hash = "sha256:2638389562bda1635b564490d76713695ff497242a83d9b684d27bb4a6cc9d7a"},
    {file = "numpy-1.22.2-cp38-cp38-win32.whl", hash = "sha256:6767ad399e9327bfdbaa40871be4254d1995f4a3ca3806127f10cec778bd9896"},
    {file = "numpy-1.22.2-cp38-cp38-win_amd64.whl", hash = "sha256:03ae5850619abb34a879d5f2d4bb4dcd025d6d8fb72f5e461dae84edccfe129f"},
    {file = "numpy-1.22.2-cp39-cp39-macosx_10_14_x86_64.whl", hash = "sha256:d76a26c5118c4d96e264acc9e3242d72e1a2b92e739807b3b69d8d47684b6677"},
    {file = "numpy-1.22.2-cp39-cp39-macosx_11_0_arm64.whl", hash = "sha256:15efb7b93806d438e3bc590ca8ef2f953b0ce4f86f337ef4559d31ec6cf9d7dd"},
    {file = "numpy-1.22.2-cp39-cp39-manylinux_2_17_aarch64.manylinux2014_aarch64.whl", hash = "sha256:badca914580eb46385e7f7e4e426fea6de0a37b9e06bec252e481ae7ec287082"},
    {file = "numpy-1.22.2-cp39-cp39-manylinux_2_17_x86_64.manylinux2014_x86_64.whl", hash = "sha256:94dd11d9f13ea1be17bac39c1942f527cbf7065f94953cf62dfe805653da2f8f"},
    {file = "numpy-1.22.2-cp39-cp39-win32.whl", hash = "sha256:8cf33634b60c9cef346663a222d9841d3bbbc0a2f00221d6bcfd0d993d5543f6"},
    {file = "numpy-1.22.2-cp39-cp39-win_amd64.whl", hash = "sha256:59153979d60f5bfe9e4c00e401e24dfe0469ef8da6d68247439d3278f30a180f"},
    {file = "numpy-1.22.2-pp38-pypy38_pp73-manylinux_2_17_x86_64.manylinux2014_x86_64.whl", hash = "sha256:4a176959b6e7e00b5a0d6f549a479f869829bfd8150282c590deee6d099bbb6e"},
    {file = "numpy-1.22.2.zip", hash = "sha256:076aee5a3763d41da6bef9565fdf3cb987606f567cd8b104aded2b38b7b47abf"},
]
packaging = [
    {file = "packaging-21.3-py3-none-any.whl", hash = "sha256:ef103e05f519cdc783ae24ea4e2e0f508a9c99b2d4969652eed6a2e1ea5bd522"},
    {file = "packaging-21.3.tar.gz", hash = "sha256:dd47c42927d89ab911e606518907cc2d3a1f38bbd026385970643f9c5b8ecfeb"},
]
pyparsing = [
    {file = "pyparsing-3.0.7-py3-none-any.whl", hash = "sha256:a6c06a88f252e6c322f65faf8f418b16213b51bdfaece0524c1c1bc30c63c484"},
    {file = "pyparsing-3.0.7.tar.gz", hash = "sha256:18ee9022775d270c55187733956460083db60b37d0d0fb357445f3094eed3eea"},
]
pysqlite3 = [
    {file = "pysqlite3-0.4.6.tar.gz", hash = "sha256:7ec4d4c477fa96609c1517afbc33bf02747588e528e79c695de95907cea7bf30"},
]
tables = [
    {file = "tables-3.7.0-cp310-cp310-macosx_10_9_x86_64.whl", hash = "sha256:2262d400fd0a29b11414e95a85817e987056543f25d62d80cac730d7b3567bf3"},
    {file = "tables-3.7.0-cp310-cp310-manylinux_2_17_aarch64.manylinux2014_aarch64.whl", hash = "sha256:9c74db2d5402f68093292cf89dda6124578ae2a8df796fb236a50f505245f294"},
    {file = "tables-3.7.0-cp310-cp310-manylinux_2_17_x86_64.manylinux2014_x86_64.whl", hash = "sha256:5a4627309c69ff8936ce641e2e2b48c19e7b4a5fd6649861233ac73621267afb"},
    {file = "tables-3.7.0-cp310-cp310-win32.whl", hash = "sha256:e445f7da56d692f663fa1a1a9e9059ddf5eebb9e99efecb38ef7b3ea0d541b4d"},
    {file = "tables-3.7.0-cp310-cp310-win_amd64.whl", hash = "sha256:38055a11f80acfe0670262595fdcdae1ac607a554355692a6abf26f20e54ec5f"},
    {file = "tables-3.7.0-cp36-cp36m-macosx_10_9_x86_64.whl", hash = "sha256:1d12a3a7b06620267504ec8315d05ee13f84db76a48ecaf4cefd9aba909a791a"},
    {file = "tables-3.7.0-cp36-cp36m-manylinux_2_17_aarch64.manylinux2014_aarch64.whl", hash = "sha256:d8d9ebe9df7dd294c11632ed74ac450f73703f59fc76ea9db28388a2a655e434"},
    {file = "tables-3.7.0-cp36-cp36m-manylinux_2_17_x86_64.manylinux2014_x86_64.whl", hash = "sha256:9e7d5aaf8c2723dcd471a3fe1730e1f30e1d2b145939d49f70e36c52199994e0"},
    {file = "tables-3.7.0-cp36-cp36m-win32.whl", hash = "sha256:db8e9e49038916ba461f57793840075719066fef9cbf9813a6be1e6590e795c9"},
    {file = "tables-3.7.0-cp36-cp36m-win_amd64.whl", hash = "sha256:2c568304e11d5ea3cbbb1b489bc0edacde5b9943e2714667c83009fae8823f14"},
    {file = "tables-3.7.0-cp37-cp37m-macosx_10_9_x86_64.whl", hash = "sha256:8b0d4317a5f7c9086a8a567bd2173dfa736e85f06d3aab172c4c540319fbd264"},
    {file = "tables-3.7.0-cp37-cp37m-manylinux_2_17_aarch64.manylinux2014_aarch64.whl", hash = "sha256:084bbd93038340aed132056435993f020672984c55ace27aedecd09abf0f8fd2"},
    {file = "tables-3.7.0-cp37-cp37m-manylinux_2_17_x86_64.manylinux2014_x86_64.whl", hash = "sha256:e48c74dfa4765b312861f7d4c6e8eb7dcea7fe7674c95bd04cf6d738e04470af"},
    {file = "tables-3.7.0-cp37-cp37m-win32.whl", hash = "sha256:78f146aa4a6518cd8664661c421083d71fec1c7956eb7eebeee2ded351ce9289"},
    {file = "tables-3.7.0-cp37-cp37m-win_amd64.whl", hash = "sha256:e89746e56dc5c47dadae8a639e08820835f0522e709b3914436e47e04fe67cea"},
    {file = "tables-3.7.0-cp38-cp38-macosx_10_9_x86_64.whl", hash = "sha256:90bdfe44aec11cf207e37d7e767852f949cfc918d409210f0e12cd675b28c23e"},
    {file = "tables-3.7.0-cp38-cp38-manylinux_2_17_aarch64.manylinux2014_aarch64.whl", hash = "sha256:d1286143ac2bd5a51adda0f72f4496e53a085faba91c44c28dc38d1e9803d979"},
    {file = "tables-3.7.0-cp38-cp38-manylinux_2_17_x86_64.manylinux2014_x86_64.whl", hash = "sha256:69e1bc63c9a6dcd4f2a820aba7ca24a35aae08814b90deb18ed67b2c171872c0"},
    {file = "tables-3.7.0-cp38-cp38-win32.whl", hash = "sha256:0f404df7740dabaafa6f18ff279503ecacc1241c5f451b8a4609c01e6102c440"},
    {file = "tables-3.7.0-cp38-cp38-win_amd64.whl", hash = "sha256:1ccb258296c580192a4dd4763ce937ca913d0fe4e3606dc289808117868cc1a8"},
    {file = "tables-3.7.0-cp39-cp39-macosx_10_9_x86_64.whl", hash = "sha256:9d0f2fb26caab50ef42e2f91d76024a3041e158773844d725a0f85514d58a6b0"},
    {file = "tables-3.7.0-cp39-cp39-manylinux_2_17_aarch64.manylinux2014_aarch64.whl", hash = "sha256:2546e28c07c04b59c2cbf2986604ceb8abf9d14d5da8b501d51c4577bf843b52"},
    {file = "tables-3.7.0-cp39-cp39-manylinux_2_17_x86_64.manylinux2014_x86_64.whl", hash = "sha256:d23e1f70c32ce26532048c9d33c44597989766ee6acac4a19f2eb33d09dab8e6"},
    {file = "tables-3.7.0-cp39-cp39-win32.whl", hash = "sha256:b973d787f417b751c7daa10f2c09798bb37b0527ff62dd29cedc75c31c3f0db9"},
    {file = "tables-3.7.0-cp39-cp39-win_amd64.whl", hash = "sha256:3c2350f0047685f5932fb0af09806ed0089d042d550292ff1e68d796da0d90fb"},
    {file = "tables-3.7.0.tar.gz", hash = "sha256:e92a887ad6f2a983e564a69902de4a7645c30069fc01abd353ec5da255c5e1fe"},
]
